
Microsoft Visual Studio Solution File, Format Version 12.00
# Visual Studio 15
VisualStudioVersion = 15.0.27004.2008
MinimumVisualStudioVersion = 10.0.40219.1
Project("{FAE04EC0-301F-11D3-BF4B-00C04F79EFBC}") = "LogicaDeNegocio", "LogicaDeNegocio\LogicaDeNegocio.csproj", "{CF8495FD-0D43-4922-AA4D-60120A6E5B82}"
EndProject
Project("{FAE04EC0-301F-11D3-BF4B-00C04F79EFBC}") = "CapaDePersistencia", "CapaDePersistencia\CapaDePersistencia.csproj", "{38AE36FE-EB42-43E3-B7CC-516A3E38C18B}"
EndProject
Project("{FAE04EC0-301F-11D3-BF4B-00C04F79EFBC}") = "ModeloDeNegocio", "ModeloDeNegocio\ModeloDeNegocio.csproj", "{9E4E4FD9-AC73-430A-B9E1-DFF2227DB020}"
EndProject
Global
	GlobalSection(SolutionConfigurationPlatforms) = preSolution
		Debug|Any CPU = Debug|Any CPU
		Release|Any CPU = Release|Any CPU
	EndGlobalSection
	GlobalSection(ProjectConfigurationPlatforms) = postSolution
		{CF8495FD-0D43-4922-AA4D-60120A6E5B82}.Debug|Any CPU.ActiveCfg = Debug|Any CPU
		{CF8495FD-0D43-4922-AA4D-60120A6E5B82}.Debug|Any CPU.Build.0 = Debug|Any CPU
		{CF8495FD-0D43-4922-AA4D-60120A6E5B82}.Release|Any CPU.ActiveCfg = Release|Any CPU
		{CF8495FD-0D43-4922-AA4D-60120A6E5B82}.Release|Any CPU.Build.0 = Release|Any CPU
		{38AE36FE-EB42-43E3-B7CC-516A3E38C18B}.Debug|Any CPU.ActiveCfg = Debug|Any CPU
		{38AE36FE-EB42-43E3-B7CC-516A3E38C18B}.Debug|Any CPU.Build.0 = Debug|Any CPU
		{38AE36FE-EB42-43E3-B7CC-516A3E38C18B}.Release|Any CPU.ActiveCfg = Release|Any CPU
		{38AE36FE-EB42-43E3-B7CC-516A3E38C18B}.Release|Any CPU.Build.0 = Release|Any CPU
		{9E4E4FD9-AC73-430A-B9E1-DFF2227DB020}.Debug|Any CPU.ActiveCfg = Debug|Any CPU
		{9E4E4FD9-AC73-430A-B9E1-DFF2227DB020}.Debug|Any CPU.Build.0 = Debug|Any CPU
		{9E4E4FD9-AC73-430A-B9E1-DFF2227DB020}.Release|Any CPU.ActiveCfg = Release|Any CPU
		{9E4E4FD9-AC73-430A-B9E1-DFF2227DB020}.Release|Any CPU.Build.0 = Release|Any CPU
	EndGlobalSection
	GlobalSection(SolutionProperties) = preSolution
		HideSolutionNode = FALSE
	EndGlobalSection
	GlobalSection(ExtensibilityGlobals) = postSolution
		SolutionGuid = {3074165E-2536-4E0F-B853-9FA7B393D325}
	EndGlobalSection
EndGlobal
